
Microsoft Visual Studio Solution File, Format Version 11.00
# Visual Studio 2010
Project("{FAE04EC0-301F-11D3-BF4B-00C04F79EFBC}") = "Assembly-CSharp", "Assembly-CSharp.csproj", "{222EFB0F-480E-70D4-A0B1-C2C87DBEEF97}"
EndProject
Project("{FAE04EC0-301F-11D3-BF4B-00C04F79EFBC}") = "Assembly-CSharp-Editor", "Assembly-CSharp-Editor.csproj", "{BA0472EB-94BA-3EE6-473A-C53650B97460}"
EndProject
Global
	GlobalSection(SolutionConfigurationPlatforms) = preSolution
		Debug|Any CPU = Debug|Any CPU
		Release|Any CPU = Release|Any CPU
	EndGlobalSection
	GlobalSection(ProjectConfigurationPlatforms) = postSolution
		{222EFB0F-480E-70D4-A0B1-C2C87DBEEF97}.Debug|Any CPU.ActiveCfg = Debug|Any CPU
		{222EFB0F-480E-70D4-A0B1-C2C87DBEEF97}.Debug|Any CPU.Build.0 = Debug|Any CPU
		{222EFB0F-480E-70D4-A0B1-C2C87DBEEF97}.Release|Any CPU.ActiveCfg = Release|Any CPU
		{222EFB0F-480E-70D4-A0B1-C2C87DBEEF97}.Release|Any CPU.Build.0 = Release|Any CPU
		{BA0472EB-94BA-3EE6-473A-C53650B97460}.Debug|Any CPU.ActiveCfg = Debug|Any CPU
		{BA0472EB-94BA-3EE6-473A-C53650B97460}.Debug|Any CPU.Build.0 = Debug|Any CPU
		{BA0472EB-94BA-3EE6-473A-C53650B97460}.Release|Any CPU.ActiveCfg = Release|Any CPU
		{BA0472EB-94BA-3EE6-473A-C53650B97460}.Release|Any CPU.Build.0 = Release|Any CPU
	EndGlobalSection
	GlobalSection(SolutionProperties) = preSolution
		HideSolutionNode = FALSE
	EndGlobalSection
EndGlobal
